// !$*UTF8*$!
{
	archiveVersion = 1;
	classes = {
	};
	objectVersion = 63;
	objects = {

/* Begin PBXBuildFile section */
		01FE22100CAFE91EF76343CD /* MonitoringView.swift in Sources */ = {isa = PBXBuildFile; fileRef = CC148EDCB0C10E310E3F123A /* MonitoringView.swift */; };
		0308B50D9C0592101A795F1F /* EditProfileView.swift in Sources */ = {isa = PBXBuildFile; fileRef = 775BA197129CBBCCF46249D6 /* EditProfileView.swift */; };
		0D971AA8A79088E0D740A9C5 /* PostApprovalView.swift in Sources */ = {isa = PBXBuildFile; fileRef = 5902CC5E30F564990DA9B76C /* PostApprovalView.swift */; };
		13F379C7B1E97DF69BA6799B /* ApiService.swift in Sources */ = {isa = PBXBuildFile; fileRef = 75934214D37B149BF6775DA6 /* ApiService.swift */; };
		14499997877699B488D44A50 /* FriendsView.swift in Sources */ = {isa = PBXBuildFile; fileRef = E31D667D2A6553C711B01325 /* FriendsView.swift */; };
		1B03CD1ED47129A9D0475C68 /* FeedView.swift in Sources */ = {isa = PBXBuildFile; fileRef = 3AB9F496FB8D5779D03C4760 /* FeedView.swift */; };
		1CAE2E3F4C9E683B3A2A649A /* AuthManager.swift in Sources */ = {isa = PBXBuildFile; fileRef = BA3DF5584C3C1C13C32CF070 /* AuthManager.swift */; };
		29BC15483869DA9E425439EC /* CreateChildAccountView.swift in Sources */ = {isa = PBXBuildFile; fileRef = C58E9DA80AFD04BF258FDF03 /* CreateChildAccountView.swift */; };
		2F1A81B50D75E527AF1D7FD6 /* EnterFriendCodeView.swift in Sources */ = {isa = PBXBuildFile; fileRef = 6FFFFB5AE6FC797B29FDF532 /* EnterFriendCodeView.swift */; };
		308553DBF5366FF3F12958F9 /* ProfileChangeApprovalView.swift in Sources */ = {isa = PBXBuildFile; fileRef = D2A70B764625E43C386D6CC5 /* ProfileChangeApprovalView.swift */; };
		35BBE194A0C0AE78B5802195 /* LoginView.swift in Sources */ = {isa = PBXBuildFile; fileRef = 2B9CEA9A6117E2207D17A720 /* LoginView.swift */; };
		4826E90AF5C9591C6038CA67 /* CommentsView.swift in Sources */ = {isa = PBXBuildFile; fileRef = DA8DC02171F948D809EE56AD /* CommentsView.swift */; };
		4866317D6367DE559351BBDC /* ChildDetailsView.swift in Sources */ = {isa = PBXBuildFile; fileRef = 5108220BA08333256ED48E22 /* ChildDetailsView.swift */; };
		4DD00A14495B83280F0B489E /* DesignSystem.swift in Sources */ = {isa = PBXBuildFile; fileRef = 2E139914E755FEAA3736F68E /* DesignSystem.swift */; };
		52764FAD573623DA967BE7F8 /* ShowMyFriendCodeView.swift in Sources */ = {isa = PBXBuildFile; fileRef = 1AA4891E0465C5EA4C7A4EB0 /* ShowMyFriendCodeView.swift */; };
		5CE0BDF764E5ED76385E0988 /* SettingsView.swift in Sources */ = {isa = PBXBuildFile; fileRef = 68EC8D887EFC3CBBE5BF0BF9 /* SettingsView.swift */; };
		68D20CFCFCCC0E33E864730D /* PostDetailView.swift in Sources */ = {isa = PBXBuildFile; fileRef = D10648C2C06564999E6C9174 /* PostDetailView.swift */; };
		79C6D1CFEE8D4BC12D695317 /* ImagePicker.swift in Sources */ = {isa = PBXBuildFile; fileRef = BE8F3B95FCBA26EC6B26DB39 /* ImagePicker.swift */; };
		7C1D6E4BD47BCD475C0FC8FD /* PhotoPostView.swift in Sources */ = {isa = PBXBuildFile; fileRef = BB44BE4F87B6244D283FC833 /* PhotoPostView.swift */; };
		7CDCDC3D6847DC66491871D9 /* ScanFriendQRView.swift in Sources */ = {isa = PBXBuildFile; fileRef = F77E21DBE10F147FE0A26B7B /* ScanFriendQRView.swift */; };
		7F210D21C9DC9650604BBD58 /* AddFriendView.swift in Sources */ = {isa = PBXBuildFile; fileRef = D2130C3E6F987C7647C2F64F /* AddFriendView.swift */; };
		80F9AA722184A7C50E7EACFF /* Assets.xcassets in Resources */ = {isa = PBXBuildFile; fileRef = 8B50917360E12C4109BF372A /* Assets.xcassets */; };
		82831F01E42B2283A77E789D /* MainTabView.swift in Sources */ = {isa = PBXBuildFile; fileRef = 411F0E038FF16D34EC9666E8 /* MainTabView.swift */; };
		860E0F62AB2B3531664C21E9 /* Encryption.swift in Sources */ = {isa = PBXBuildFile; fileRef = A29D9B6230D3B4E6EE9BF850 /* Encryption.swift */; };
		865F30A0CE5E1A81D251DD9E /* ConnectionsView.swift in Sources */ = {isa = PBXBuildFile; fileRef = 1FDB135486912D9735B22569 /* ConnectionsView.swift */; };
		8A87C5738C31ABFC2A80B860 /* SubscriptionService.swift in Sources */ = {isa = PBXBuildFile; fileRef = C26D4F8C94BDA1F5A571ACC4 /* SubscriptionService.swift */; };
		917AAC151B16F643125DA412 /* MessagesView.swift in Sources */ = {isa = PBXBuildFile; fileRef = C7D3EA1C858334020CAA17EC /* MessagesView.swift */; };
		A19F1B575B8A8C3E4DC59118 /* ProfileView.swift in Sources */ = {isa = PBXBuildFile; fileRef = 6427A39E667C1717629D3BE5 /* ProfileView.swift */; };
		A9FBF997D169FD6A77A5A5E4 /* SubscriptionView.swift in Sources */ = {isa = PBXBuildFile; fileRef = E2B6BEE8A031D5F3177EA1FA /* SubscriptionView.swift */; };
		AA669116979697118CEF638D /* ProfileComponents.swift in Sources */ = {isa = PBXBuildFile; fileRef = 14027AF6B2A0C159DC6DC58F /* ProfileComponents.swift */; };
		ACF6A75E08242AC47736EFFC /* MoreView.swift in Sources */ = {isa = PBXBuildFile; fileRef = AE1D2CA841935915201847F1 /* MoreView.swift */; };
		AE6CE438AFE580AE0998F713 /* FamilyNovaParentApp.swift in Sources */ = {isa = PBXBuildFile; fileRef = 404DE0FB7A2C9F4DEC4A6EF0 /* FamilyNovaParentApp.swift */; };
		B063305195AF329434678669 /* Subscription.swift in Sources */ = {isa = PBXBuildFile; fileRef = A8DEB7C47C8850693B2BE259 /* Subscription.swift */; };
		B2592FB22A74B4AB00CF4679 /* AppDetection.swift in Sources */ = {isa = PBXBuildFile; fileRef = 73DEA75A086EE59C1B46EB7C /* AppDetection.swift */; };
		B8B3AAAD5EC87D7ED72E7673 /* HomeworkView.swift in Sources */ = {isa = PBXBuildFile; fileRef = 2477775C97DAFC2A27119BEE /* HomeworkView.swift */; };
		C8AFA3888CE7D23F8F4A208B /* RegisterView.swift in Sources */ = {isa = PBXBuildFile; fileRef = AFC2DCE579D198E7C0AAEA02 /* RegisterView.swift */; };
		CACAA0C61A2F7AF13B5032BB /* QRCodeGenerator.swift in Sources */ = {isa = PBXBuildFile; fileRef = 34813A3D32E39C23E8056F98 /* QRCodeGenerator.swift */; };
		DDCFD8619CD87B6F127C906F /* DashboardView.swift in Sources */ = {isa = PBXBuildFile; fileRef = 90B12BDBCE5FB3505F4DFF86 /* DashboardView.swift */; };
		E46CD59DBB350B3BA1B1C8A5 /* QRCodeScannerView.swift in Sources */ = {isa = PBXBuildFile; fileRef = E184B8417098ACF286B198D0 /* QRCodeScannerView.swift */; };
/* End PBXBuildFile section */

/* Begin PBXFileReference section */
		14027AF6B2A0C159DC6DC58F /* ProfileComponents.swift */ = {isa = PBXFileReference; lastKnownFileType = sourcecode.swift; path = ProfileComponents.swift; sourceTree = "<group>"; };
		1AA4891E0465C5EA4C7A4EB0 /* ShowMyFriendCodeView.swift */ = {isa = PBXFileReference; lastKnownFileType = sourcecode.swift; path = ShowMyFriendCodeView.swift; sourceTree = "<group>"; };
		1FDB135486912D9735B22569 /* ConnectionsView.swift */ = {isa = PBXFileReference; lastKnownFileType = sourcecode.swift; path = ConnectionsView.swift; sourceTree = "<group>"; };
		2477775C97DAFC2A27119BEE /* HomeworkView.swift */ = {isa = PBXFileReference; lastKnownFileType = sourcecode.swift; path = HomeworkView.swift; sourceTree = "<group>"; };
		2B9CEA9A6117E2207D17A720 /* LoginView.swift */ = {isa = PBXFileReference; lastKnownFileType = sourcecode.swift; path = LoginView.swift; sourceTree = "<group>"; };
		2E139914E755FEAA3736F68E /* DesignSystem.swift */ = {isa = PBXFileReference; lastKnownFileType = sourcecode.swift; path = DesignSystem.swift; sourceTree = "<group>"; };
		34813A3D32E39C23E8056F98 /* QRCodeGenerator.swift */ = {isa = PBXFileReference; lastKnownFileType = sourcecode.swift; path = QRCodeGenerator.swift; sourceTree = "<group>"; };
		3AB9F496FB8D5779D03C4760 /* FeedView.swift */ = {isa = PBXFileReference; lastKnownFileType = sourcecode.swift; path = FeedView.swift; sourceTree = "<group>"; };
		404DE0FB7A2C9F4DEC4A6EF0 /* FamilyNovaParentApp.swift */ = {isa = PBXFileReference; lastKnownFileType = sourcecode.swift; path = FamilyNovaParentApp.swift; sourceTree = "<group>"; };
		411F0E038FF16D34EC9666E8 /* MainTabView.swift */ = {isa = PBXFileReference; lastKnownFileType = sourcecode.swift; path = MainTabView.swift; sourceTree = "<group>"; };
		5108220BA08333256ED48E22 /* ChildDetailsView.swift */ = {isa = PBXFileReference; lastKnownFileType = sourcecode.swift; path = ChildDetailsView.swift; sourceTree = "<group>"; };
		5902CC5E30F564990DA9B76C /* PostApprovalView.swift */ = {isa = PBXFileReference; lastKnownFileType = sourcecode.swift; path = PostApprovalView.swift; sourceTree = "<group>"; };
		6427A39E667C1717629D3BE5 /* ProfileView.swift */ = {isa = PBXFileReference; lastKnownFileType = sourcecode.swift; path = ProfileView.swift; sourceTree = "<group>"; };
		68EC8D887EFC3CBBE5BF0BF9 /* SettingsView.swift */ = {isa = PBXFileReference; lastKnownFileType = sourcecode.swift; path = SettingsView.swift; sourceTree = "<group>"; };
		6FFFFB5AE6FC797B29FDF532 /* EnterFriendCodeView.swift */ = {isa = PBXFileReference; lastKnownFileType = sourcecode.swift; path = EnterFriendCodeView.swift; sourceTree = "<group>"; };
		73DEA75A086EE59C1B46EB7C /* AppDetection.swift */ = {isa = PBXFileReference; lastKnownFileType = sourcecode.swift; path = AppDetection.swift; sourceTree = "<group>"; };
		75934214D37B149BF6775DA6 /* ApiService.swift */ = {isa = PBXFileReference; lastKnownFileType = sourcecode.swift; path = ApiService.swift; sourceTree = "<group>"; };
		775BA197129CBBCCF46249D6 /* EditProfileView.swift */ = {isa = PBXFileReference; lastKnownFileType = sourcecode.swift; path = EditProfileView.swift; sourceTree = "<group>"; };
		8B50917360E12C4109BF372A /* Assets.xcassets */ = {isa = PBXFileReference; lastKnownFileType = folder.assetcatalog; path = Assets.xcassets; sourceTree = "<group>"; };
		90B12BDBCE5FB3505F4DFF86 /* DashboardView.swift */ = {isa = PBXFileReference; lastKnownFileType = sourcecode.swift; path = DashboardView.swift; sourceTree = "<group>"; };
		98193E8D50A12BFE76D0E4CF /* FamilyNovaParent.app */ = {isa = PBXFileReference; explicitFileType = wrapper.application; includeInIndex = 0; path = FamilyNovaParent.app; sourceTree = BUILT_PRODUCTS_DIR; };
		A29D9B6230D3B4E6EE9BF850 /* Encryption.swift */ = {isa = PBXFileReference; lastKnownFileType = sourcecode.swift; path = Encryption.swift; sourceTree = "<group>"; };
		A8DEB7C47C8850693B2BE259 /* Subscription.swift */ = {isa = PBXFileReference; lastKnownFileType = sourcecode.swift; path = Subscription.swift; sourceTree = "<group>"; };
		AE1D2CA841935915201847F1 /* MoreView.swift */ = {isa = PBXFileReference; lastKnownFileType = sourcecode.swift; path = MoreView.swift; sourceTree = "<group>"; };
		AFC2DCE579D198E7C0AAEA02 /* RegisterView.swift */ = {isa = PBXFileReference; lastKnownFileType = sourcecode.swift; path = RegisterView.swift; sourceTree = "<group>"; };
		BA3DF5584C3C1C13C32CF070 /* AuthManager.swift */ = {isa = PBXFileReference; lastKnownFileType = sourcecode.swift; path = AuthManager.swift; sourceTree = "<group>"; };
		BB44BE4F87B6244D283FC833 /* PhotoPostView.swift */ = {isa = PBXFileReference; lastKnownFileType = sourcecode.swift; path = PhotoPostView.swift; sourceTree = "<group>"; };
		BE8F3B95FCBA26EC6B26DB39 /* ImagePicker.swift */ = {isa = PBXFileReference; lastKnownFileType = sourcecode.swift; path = ImagePicker.swift; sourceTree = "<group>"; };
		C26D4F8C94BDA1F5A571ACC4 /* SubscriptionService.swift */ = {isa = PBXFileReference; lastKnownFileType = sourcecode.swift; path = SubscriptionService.swift; sourceTree = "<group>"; };
		C58E9DA80AFD04BF258FDF03 /* CreateChildAccountView.swift */ = {isa = PBXFileReference; lastKnownFileType = sourcecode.swift; path = CreateChildAccountView.swift; sourceTree = "<group>"; };
		C7D3EA1C858334020CAA17EC /* MessagesView.swift */ = {isa = PBXFileReference; lastKnownFileType = sourcecode.swift; path = MessagesView.swift; sourceTree = "<group>"; };
		CC148EDCB0C10E310E3F123A /* MonitoringView.swift */ = {isa = PBXFileReference; lastKnownFileType = sourcecode.swift; path = MonitoringView.swift; sourceTree = "<group>"; };
		D10648C2C06564999E6C9174 /* PostDetailView.swift */ = {isa = PBXFileReference; lastKnownFileType = sourcecode.swift; path = PostDetailView.swift; sourceTree = "<group>"; };
		D2130C3E6F987C7647C2F64F /* AddFriendView.swift */ = {isa = PBXFileReference; lastKnownFileType = sourcecode.swift; path = AddFriendView.swift; sourceTree = "<group>"; };
		D2A70B764625E43C386D6CC5 /* ProfileChangeApprovalView.swift */ = {isa = PBXFileReference; lastKnownFileType = sourcecode.swift; path = ProfileChangeApprovalView.swift; sourceTree = "<group>"; };
		DA8DC02171F948D809EE56AD /* CommentsView.swift */ = {isa = PBXFileReference; lastKnownFileType = sourcecode.swift; path = CommentsView.swift; sourceTree = "<group>"; };
		E184B8417098ACF286B198D0 /* QRCodeScannerView.swift */ = {isa = PBXFileReference; lastKnownFileType = sourcecode.swift; path = QRCodeScannerView.swift; sourceTree = "<group>"; };
		E2B6BEE8A031D5F3177EA1FA /* SubscriptionView.swift */ = {isa = PBXFileReference; lastKnownFileType = sourcecode.swift; path = SubscriptionView.swift; sourceTree = "<group>"; };
		E31D667D2A6553C711B01325 /* FriendsView.swift */ = {isa = PBXFileReference; lastKnownFileType = sourcecode.swift; path = FriendsView.swift; sourceTree = "<group>"; };
		F77E21DBE10F147FE0A26B7B /* ScanFriendQRView.swift */ = {isa = PBXFileReference; lastKnownFileType = sourcecode.swift; path = ScanFriendQRView.swift; sourceTree = "<group>"; };
/* End PBXFileReference section */

/* Begin PBXGroup section */
		267947A92FA9437A89831BC8 /* Resources */ = {
			isa = PBXGroup;
			children = (
				8B50917360E12C4109BF372A /* Assets.xcassets */,
			);
			path = Resources;
			sourceTree = "<group>";
		};
		4599D385EFF4939D5C4B18E7 /* Products */ = {
			isa = PBXGroup;
			children = (
				98193E8D50A12BFE76D0E4CF /* FamilyNovaParent.app */,
			);
			name = Products;
			sourceTree = "<group>";
		};
		72773AACB23723FCCDDE7E7B /* Models */ = {
			isa = PBXGroup;
			children = (
				BA3DF5584C3C1C13C32CF070 /* AuthManager.swift */,
				A8DEB7C47C8850693B2BE259 /* Subscription.swift */,
			);
			path = Models;
			sourceTree = "<group>";
		};
		7F45D8412762B1C7BADF44D7 /* Views */ = {
			isa = PBXGroup;
			children = (
				D2130C3E6F987C7647C2F64F /* AddFriendView.swift */,
				5108220BA08333256ED48E22 /* ChildDetailsView.swift */,
				DA8DC02171F948D809EE56AD /* CommentsView.swift */,
				1FDB135486912D9735B22569 /* ConnectionsView.swift */,
				C58E9DA80AFD04BF258FDF03 /* CreateChildAccountView.swift */,
				90B12BDBCE5FB3505F4DFF86 /* DashboardView.swift */,
				775BA197129CBBCCF46249D6 /* EditProfileView.swift */,
				6FFFFB5AE6FC797B29FDF532 /* EnterFriendCodeView.swift */,
				3AB9F496FB8D5779D03C4760 /* FeedView.swift */,
				E31D667D2A6553C711B01325 /* FriendsView.swift */,
				2477775C97DAFC2A27119BEE /* HomeworkView.swift */,
				BE8F3B95FCBA26EC6B26DB39 /* ImagePicker.swift */,
				2B9CEA9A6117E2207D17A720 /* LoginView.swift */,
				411F0E038FF16D34EC9666E8 /* MainTabView.swift */,
				C7D3EA1C858334020CAA17EC /* MessagesView.swift */,
				CC148EDCB0C10E310E3F123A /* MonitoringView.swift */,
				AE1D2CA841935915201847F1 /* MoreView.swift */,
				BB44BE4F87B6244D283FC833 /* PhotoPostView.swift */,
				5902CC5E30F564990DA9B76C /* PostApprovalView.swift */,
				D10648C2C06564999E6C9174 /* PostDetailView.swift */,
				D2A70B764625E43C386D6CC5 /* ProfileChangeApprovalView.swift */,
				14027AF6B2A0C159DC6DC58F /* ProfileComponents.swift */,
				6427A39E667C1717629D3BE5 /* ProfileView.swift */,
				E184B8417098ACF286B198D0 /* QRCodeScannerView.swift */,
				AFC2DCE579D198E7C0AAEA02 /* RegisterView.swift */,
				F77E21DBE10F147FE0A26B7B /* ScanFriendQRView.swift */,
				68EC8D887EFC3CBBE5BF0BF9 /* SettingsView.swift */,
				1AA4891E0465C5EA4C7A4EB0 /* ShowMyFriendCodeView.swift */,
				E2B6BEE8A031D5F3177EA1FA /* SubscriptionView.swift */,
			);
			path = Views;
			sourceTree = "<group>";
		};
		8886449343D8515680493B1C = {
			isa = PBXGroup;
			children = (
				92DFDE0B3AB44D19F13F71FC /* FamilyNovaParent */,
				4599D385EFF4939D5C4B18E7 /* Products */,
			);
			sourceTree = "<group>";
		};
		902634B67759449BB6010985 /* Services */ = {
			isa = PBXGroup;
			children = (
				75934214D37B149BF6775DA6 /* ApiService.swift */,
				C26D4F8C94BDA1F5A571ACC4 /* SubscriptionService.swift */,
			);
			path = Services;
			sourceTree = "<group>";
		};
		92DFDE0B3AB44D19F13F71FC /* FamilyNovaParent */ = {
			isa = PBXGroup;
			children = (
				404DE0FB7A2C9F4DEC4A6EF0 /* FamilyNovaParentApp.swift */,
				72773AACB23723FCCDDE7E7B /* Models */,
				267947A92FA9437A89831BC8 /* Resources */,
				902634B67759449BB6010985 /* Services */,
				F90C9E164413A027B64D8956 /* Utils */,
				7F45D8412762B1C7BADF44D7 /* Views */,
			);
			path = FamilyNovaParent;
			sourceTree = "<group>";
		};
		F90C9E164413A027B64D8956 /* Utils */ = {
			isa = PBXGroup;
			children = (
				73DEA75A086EE59C1B46EB7C /* AppDetection.swift */,
				2E139914E755FEAA3736F68E /* DesignSystem.swift */,
				A29D9B6230D3B4E6EE9BF850 /* Encryption.swift */,
				34813A3D32E39C23E8056F98 /* QRCodeGenerator.swift */,
			);
			path = Utils;
			sourceTree = "<group>";
		};
/* End PBXGroup section */

/* Begin PBXNativeTarget section */
		BAF0BBB334D1DDA0ADA68C44 /* FamilyNovaParent */ = {
			isa = PBXNativeTarget;
			buildConfigurationList = 35C46D12EF8E6FF5A9C17D62 /* Build configuration list for PBXNativeTarget "FamilyNovaParent" */;
			buildPhases = (
				62EBE8E60312CDABF5F44D1F /* Sources */,
				92B6B917EE1B2D8E79FE77E5 /* Resources */,
			);
			buildRules = (
			);
			dependencies = (
			);
			name = FamilyNovaParent;
			packageProductDependencies = (
			);
			productName = FamilyNovaParent;
			productReference = 98193E8D50A12BFE76D0E4CF /* FamilyNovaParent.app */;
			productType = "com.apple.product-type.application";
		};
/* End PBXNativeTarget section */

/* Begin PBXProject section */
		68F5E582DA2C5219BCD33E28 /* Project object */ = {
			isa = PBXProject;
			attributes = {
				BuildIndependentTargetsInParallel = YES;
				LastUpgradeCheck = 1400;
			};
			buildConfigurationList = 2CEDDC1EDD3E8AF7EE6FDBE5 /* Build configuration list for PBXProject "FamilyNovaParent" */;
			compatibilityVersion = "Xcode 14.0";
			developmentRegion = en;
			hasScannedForEncodings = 0;
			knownRegions = (
				Base,
				en,
			);
			mainGroup = 8886449343D8515680493B1C;
			minimizedProjectReferenceProxies = 1;
			projectDirPath = "";
			projectRoot = "";
			targets = (
				BAF0BBB334D1DDA0ADA68C44 /* FamilyNovaParent */,
			);
		};
/* End PBXProject section */

/* Begin PBXResourcesBuildPhase section */
		92B6B917EE1B2D8E79FE77E5 /* Resources */ = {
			isa = PBXResourcesBuildPhase;
			buildActionMask = 2147483647;
			files = (
				80F9AA722184A7C50E7EACFF /* Assets.xcassets in Resources */,
			);
			runOnlyForDeploymentPostprocessing = 0;
		};
/* End PBXResourcesBuildPhase section */

/* Begin PBXSourcesBuildPhase section */
		62EBE8E60312CDABF5F44D1F /* Sources */ = {
			isa = PBXSourcesBuildPhase;
			buildActionMask = 2147483647;
			files = (
				7F210D21C9DC9650604BBD58 /* AddFriendView.swift in Sources */,
				13F379C7B1E97DF69BA6799B /* ApiService.swift in Sources */,
				B2592FB22A74B4AB00CF4679 /* AppDetection.swift in Sources */,
				1CAE2E3F4C9E683B3A2A649A /* AuthManager.swift in Sources */,
				4866317D6367DE559351BBDC /* ChildDetailsView.swift in Sources */,
				4826E90AF5C9591C6038CA67 /* CommentsView.swift in Sources */,
				865F30A0CE5E1A81D251DD9E /* ConnectionsView.swift in Sources */,
				29BC15483869DA9E425439EC /* CreateChildAccountView.swift in Sources */,
				DDCFD8619CD87B6F127C906F /* DashboardView.swift in Sources */,
				4DD00A14495B83280F0B489E /* DesignSystem.swift in Sources */,
				0308B50D9C0592101A795F1F /* EditProfileView.swift in Sources */,
				860E0F62AB2B3531664C21E9 /* Encryption.swift in Sources */,
				2F1A81B50D75E527AF1D7FD6 /* EnterFriendCodeView.swift in Sources */,
				AE6CE438AFE580AE0998F713 /* FamilyNovaParentApp.swift in Sources */,
				1B03CD1ED47129A9D0475C68 /* FeedView.swift in Sources */,
				14499997877699B488D44A50 /* FriendsView.swift in Sources */,
				B8B3AAAD5EC87D7ED72E7673 /* HomeworkView.swift in Sources */,
				79C6D1CFEE8D4BC12D695317 /* ImagePicker.swift in Sources */,
				35BBE194A0C0AE78B5802195 /* LoginView.swift in Sources */,
				82831F01E42B2283A77E789D /* MainTabView.swift in Sources */,
				917AAC151B16F643125DA412 /* MessagesView.swift in Sources */,
				01FE22100CAFE91EF76343CD /* MonitoringView.swift in Sources */,
				ACF6A75E08242AC47736EFFC /* MoreView.swift in Sources */,
				7C1D6E4BD47BCD475C0FC8FD /* PhotoPostView.swift in Sources */,
				0D971AA8A79088E0D740A9C5 /* PostApprovalView.swift in Sources */,
				68D20CFCFCCC0E33E864730D /* PostDetailView.swift in Sources */,
				308553DBF5366FF3F12958F9 /* ProfileChangeApprovalView.swift in Sources */,
				AA669116979697118CEF638D /* ProfileComponents.swift in Sources */,
				A19F1B575B8A8C3E4DC59118 /* ProfileView.swift in Sources */,
				CACAA0C61A2F7AF13B5032BB /* QRCodeGenerator.swift in Sources */,
				E46CD59DBB350B3BA1B1C8A5 /* QRCodeScannerView.swift in Sources */,
				C8AFA3888CE7D23F8F4A208B /* RegisterView.swift in Sources */,
				7CDCDC3D6847DC66491871D9 /* ScanFriendQRView.swift in Sources */,
				5CE0BDF764E5ED76385E0988 /* SettingsView.swift in Sources */,
				52764FAD573623DA967BE7F8 /* ShowMyFriendCodeView.swift in Sources */,
				B063305195AF329434678669 /* Subscription.swift in Sources */,
				8A87C5738C31ABFC2A80B860 /* SubscriptionService.swift in Sources */,
				A9FBF997D169FD6A77A5A5E4 /* SubscriptionView.swift in Sources */,
			);
			runOnlyForDeploymentPostprocessing = 0;
		};
/* End PBXSourcesBuildPhase section */

/* Begin XCBuildConfiguration section */
		49E3DF648C1A7CCFA26E12CC /* Release */ = {
			isa = XCBuildConfiguration;
			buildSettings = {
				ALWAYS_SEARCH_USER_PATHS = NO;
				CLANG_ANALYZER_NONNULL = YES;
				CLANG_ANALYZER_NUMBER_OBJECT_CONVERSION = YES_AGGRESSIVE;
				CLANG_CXX_LANGUAGE_STANDARD = "gnu++14";
				CLANG_CXX_LIBRARY = "libc++";
				CLANG_ENABLE_MODULES = YES;
				CLANG_ENABLE_OBJC_ARC = YES;
				CLANG_ENABLE_OBJC_WEAK = YES;
				CLANG_WARN_BLOCK_CAPTURE_AUTORELEASING = YES;
				CLANG_WARN_BOOL_CONVERSION = YES;
				CLANG_WARN_COMMA = YES;
				CLANG_WARN_CONSTANT_CONVERSION = YES;
				CLANG_WARN_DEPRECATED_OBJC_IMPLEMENTATIONS = YES;
				CLANG_WARN_DIRECT_OBJC_ISA_USAGE = YES_ERROR;
				CLANG_WARN_DOCUMENTATION_COMMENTS = YES;
				CLANG_WARN_EMPTY_BODY = YES;
				CLANG_WARN_ENUM_CONVERSION = YES;
				CLANG_WARN_INFINITE_RECURSION = YES;
				CLANG_WARN_INT_CONVERSION = YES;
				CLANG_WARN_NON_LITERAL_NULL_CONVERSION = YES;
				CLANG_WARN_OBJC_IMPLICIT_RETAIN_SELF = YES;
				CLANG_WARN_OBJC_LITERAL_CONVERSION = YES;
				CLANG_WARN_OBJC_ROOT_CLASS = YES_ERROR;
				CLANG_WARN_QUOTED_INCLUDE_IN_FRAMEWORK_HEADER = YES;
				CLANG_WARN_RANGE_LOOP_ANALYSIS = YES;
				CLANG_WARN_STRICT_PROTOTYPES = YES;
				CLANG_WARN_SUSPICIOUS_MOVE = YES;
				CLANG_WARN_UNGUARDED_AVAILABILITY = YES_AGGRESSIVE;
				CLANG_WARN_UNREACHABLE_CODE = YES;
				CLANG_WARN__DUPLICATE_METHOD_MATCH = YES;
				COPY_PHASE_STRIP = NO;
				DEBUG_INFORMATION_FORMAT = "dwarf-with-dsym";
				ENABLE_NS_ASSERTIONS = NO;
				ENABLE_STRICT_OBJC_MSGSEND = YES;
				GCC_C_LANGUAGE_STANDARD = gnu11;
				GCC_NO_COMMON_BLOCKS = YES;
				GCC_WARN_64_TO_32_BIT_CONVERSION = YES;
				GCC_WARN_ABOUT_RETURN_TYPE = YES_ERROR;
				GCC_WARN_UNDECLARED_SELECTOR = YES;
				GCC_WARN_UNINITIALIZED_AUTOS = YES_AGGRESSIVE;
				GCC_WARN_UNUSED_FUNCTION = YES;
				GCC_WARN_UNUSED_VARIABLE = YES;
				IPHONEOS_DEPLOYMENT_TARGET = 15.0;
				MTL_ENABLE_DEBUG_INFO = NO;
				MTL_FAST_MATH = YES;
				PRODUCT_NAME = "$(TARGET_NAME)";
				SDKROOT = iphoneos;
				SWIFT_COMPILATION_MODE = wholemodule;
				SWIFT_OPTIMIZATION_LEVEL = "-O";
				SWIFT_VERSION = 5.0;
			};
			name = Release;
		};
		4D31131EA53B43628B2B29AC /* Release */ = {
			isa = XCBuildConfiguration;
			buildSettings = {
				ASSETCATALOG_COMPILER_APPICON_NAME = AppIcon;
				CODE_SIGN_IDENTITY = "iPhone Developer";
				DEVELOPMENT_TEAM = 2L5ZNS3KRB;
				INFOPLIST_FILE = Info.plist;
				IPHONEOS_DEPLOYMENT_TARGET = 15.0;
				LD_RUNPATH_SEARCH_PATHS = (
					"$(inherited)",
					"@executable_path/Frameworks",
				);
				PRODUCT_BUNDLE_IDENTIFIER = com.familynova.parent;
				PRODUCT_NAME = FamilyNovaParent;
				SDKROOT = iphoneos;
				SWIFT_VERSION = 5.7;
				TARGETED_DEVICE_FAMILY = "1,2";
			};
			name = Release;
		};
		8E7731D80DB12869F8AEB409 /* Debug */ = {
			isa = XCBuildConfiguration;
			buildSettings = {
				ASSETCATALOG_COMPILER_APPICON_NAME = AppIcon;
				CODE_SIGN_IDENTITY = "iPhone Developer";
				DEVELOPMENT_TEAM = 2L5ZNS3KRB;
				INFOPLIST_FILE = Info.plist;
				IPHONEOS_DEPLOYMENT_TARGET = 15.0;
				LD_RUNPATH_SEARCH_PATHS = (
					"$(inherited)",
					"@executable_path/Frameworks",
				);
				PRODUCT_BUNDLE_IDENTIFIER = com.familynova.parent;
				PRODUCT_NAME = FamilyNovaParent;
				SDKROOT = iphoneos;
				SWIFT_VERSION = 5.7;
				TARGETED_DEVICE_FAMILY = "1,2";
			};
			name = Debug;
		};
		ED40148780738E1A172CE873 /* Debug */ = {
			isa = XCBuildConfiguration;
			buildSettings = {
				ALWAYS_SEARCH_USER_PATHS = NO;
				CLANG_ANALYZER_NONNULL = YES;
				CLANG_ANALYZER_NUMBER_OBJECT_CONVERSION = YES_AGGRESSIVE;
				CLANG_CXX_LANGUAGE_STANDARD = "gnu++14";
				CLANG_CXX_LIBRARY = "libc++";
				CLANG_ENABLE_MODULES = YES;
				CLANG_ENABLE_OBJC_ARC = YES;
				CLANG_ENABLE_OBJC_WEAK = YES;
				CLANG_WARN_BLOCK_CAPTURE_AUTORELEASING = YES;
				CLANG_WARN_BOOL_CONVERSION = YES;
				CLANG_WARN_COMMA = YES;
				CLANG_WARN_CONSTANT_CONVERSION = YES;
				CLANG_WARN_DEPRECATED_OBJC_IMPLEMENTATIONS = YES;
				CLANG_WARN_DIRECT_OBJC_ISA_USAGE = YES_ERROR;
				CLANG_WARN_DOCUMENTATION_COMMENTS = YES;
				CLANG_WARN_EMPTY_BODY = YES;
				CLANG_WARN_ENUM_CONVERSION = YES;
				CLANG_WARN_INFINITE_RECURSION = YES;
				CLANG_WARN_INT_CONVERSION = YES;
				CLANG_WARN_NON_LITERAL_NULL_CONVERSION = YES;
				CLANG_WARN_OBJC_IMPLICIT_RETAIN_SELF = YES;
				CLANG_WARN_OBJC_LITERAL_CONVERSION = YES;
				CLANG_WARN_OBJC_ROOT_CLASS = YES_ERROR;
				CLANG_WARN_QUOTED_INCLUDE_IN_FRAMEWORK_HEADER = YES;
				CLANG_WARN_RANGE_LOOP_ANALYSIS = YES;
				CLANG_WARN_STRICT_PROTOTYPES = YES;
				CLANG_WARN_SUSPICIOUS_MOVE = YES;
				CLANG_WARN_UNGUARDED_AVAILABILITY = YES_AGGRESSIVE;
				CLANG_WARN_UNREACHABLE_CODE = YES;
				CLANG_WARN__DUPLICATE_METHOD_MATCH = YES;
				COPY_PHASE_STRIP = NO;
				DEBUG_INFORMATION_FORMAT = dwarf;
				ENABLE_STRICT_OBJC_MSGSEND = YES;
				ENABLE_TESTABILITY = YES;
				GCC_C_LANGUAGE_STANDARD = gnu11;
				GCC_DYNAMIC_NO_PIC = NO;
				GCC_NO_COMMON_BLOCKS = YES;
				GCC_OPTIMIZATION_LEVEL = 0;
				GCC_PREPROCESSOR_DEFINITIONS = (
					"$(inherited)",
					"DEBUG=1",
				);
				GCC_WARN_64_TO_32_BIT_CONVERSION = YES;
				GCC_WARN_ABOUT_RETURN_TYPE = YES_ERROR;
				GCC_WARN_UNDECLARED_SELECTOR = YES;
				GCC_WARN_UNINITIALIZED_AUTOS = YES_AGGRESSIVE;
				GCC_WARN_UNUSED_FUNCTION = YES;
				GCC_WARN_UNUSED_VARIABLE = YES;
				IPHONEOS_DEPLOYMENT_TARGET = 15.0;
				MTL_ENABLE_DEBUG_INFO = INCLUDE_SOURCE;
				MTL_FAST_MATH = YES;
				ONLY_ACTIVE_ARCH = YES;
				PRODUCT_NAME = "$(TARGET_NAME)";
				SDKROOT = iphoneos;
				SWIFT_ACTIVE_COMPILATION_CONDITIONS = DEBUG;
				SWIFT_OPTIMIZATION_LEVEL = "-Onone";
				SWIFT_VERSION = 5.0;
			};
			name = Debug;
		};
/* End XCBuildConfiguration section */

/* Begin XCConfigurationList section */
		2CEDDC1EDD3E8AF7EE6FDBE5 /* Build configuration list for PBXProject "FamilyNovaParent" */ = {
			isa = XCConfigurationList;
			buildConfigurations = (
				ED40148780738E1A172CE873 /* Debug */,
				49E3DF648C1A7CCFA26E12CC /* Release */,
			);
			defaultConfigurationIsVisible = 0;
			defaultConfigurationName = Debug;
		};
		35C46D12EF8E6FF5A9C17D62 /* Build configuration list for PBXNativeTarget "FamilyNovaParent" */ = {
			isa = XCConfigurationList;
			buildConfigurations = (
				8E7731D80DB12869F8AEB409 /* Debug */,
				4D31131EA53B43628B2B29AC /* Release */,
			);
			defaultConfigurationIsVisible = 0;
			defaultConfigurationName = Debug;
		};
/* End XCConfigurationList section */
	};
	rootObject = 68F5E582DA2C5219BCD33E28 /* Project object */;
}
